# This file is automatically @generated by Cargo.
# It is not intended for manual editing.
[[package]]
name = "glam"
version = "0.9.5"
source = "registry+https://github.com/rust-lang/crates.io-index"
checksum = "8637c7ec4fd0776c51eeab3e0d5d1aa7e440ece3fc2ee7d674e13c957287bfc1"

[[package]]
name = "ruststatetest-rs"
version = "0.1.0"
dependencies = [
 "glam",
]
